[[package]]
category = "main"
description = "Cross-platform colored terminal text."
name = "colorama"
optional = false
python-versions = ">=2.7, !=3.0.*, !=3.1.*, !=3.2.*, !=3.3.*, !=3.4.*"
version = "0.4.3"

[[package]]
category = "main"
description = "Dynamic instrumentation toolkit for developers, reverse-engineers, and security researchers"
name = "frida"
optional = false
python-versions = "*"
version = "12.8.20"

[[package]]
category = "main"
description = "Frida CLI tools"
name = "frida-tools"
optional = false
python-versions = "*"
version = "7.2.1"

[package.dependencies]
colorama = ">=0.2.7,<1.0.0"
frida = ">=12.8.12,<13.0.0"
prompt-toolkit = ">=2.0.0,<4.0.0"
pygments = ">=2.0.2,<3.0.0"

[[package]]
category = "main"
description = "Library for building powerful interactive command lines in Python"
name = "prompt-toolkit"
optional = false
python-versions = ">=3.6.1"
version = "3.0.5"

[package.dependencies]
wcwidth = "*"

[[package]]
category = "main"
description = "Pygments is a syntax highlighting package written in Python."
name = "pygments"
optional = false
python-versions = ">=3.5"
version = "2.6.1"

[[package]]
category = "main"
description = "Measures number of Terminal column cells of wide-character codes"
name = "wcwidth"
optional = false
python-versions = "*"
version = "0.1.9"

[metadata]
content-hash = "c546ccafba43ce6ed9d67937e6583c002dae5e528c26bc87b6cd122822c29750"
python-versions = "^3.8"

[metadata.files]
colorama = [
    {file = "colorama-0.4.3-py2.py3-none-any.whl", hash = "sha256:7d73d2a99753107a36ac6b455ee49046802e59d9d076ef8e47b61499fa29afff"},
    {file = "colorama-0.4.3.tar.gz", hash = "sha256:e96da0d330793e2cb9485e9ddfd918d456036c7149416295932478192f4436a1"},
]
frida = [
    {file = "frida-12.8.20-py2.7-linux-i686.egg", hash = "sha256:737f4a5e5a88cd00c01ef1813921092567aefb1911660df2f5b09cd986707b95"},
    {file = "frida-12.8.20-py2.7-linux-x86_64.egg", hash = "sha256:fdae58e54c9a23d63e6e0b98bad2fa0c7ad019caa3f5786b0931b5809efb2aee"},
    {file = "frida-12.8.20-py2.7-macosx-10.9-intel.egg", hash = "sha256:fc80c184e179f8c69e54d9ae5bc410083469ed6e2b44e1ce91a6c15effec1a95"},
    {file = "frida-12.8.20-py2.7-win-amd64.egg", hash = "sha256:7dab2bfd7c443ba2799ff555fe0ea82d4f5a837acc4ba868a0b3911e19a65af0"},
    {file = "frida-12.8.20-py2.7-win32.egg", hash = "sha256:f73468fdb4912acd5b48395bec5eea2c43821bcfa2ca5c323265b3f7c064f805"},
    {file = "frida-12.8.20-py3.6-linux-i686.egg", hash = "sha256:8c782f0a4c26b41de283f8f7c0cd0e3f7d54046997a8e2e2e532785d074ad096"},
    {file = "frida-12.8.20-py3.6-linux-x86_64.egg", hash = "sha256:fd18fcf175ec3a3d809b4a965e90d95b656dcdeeedced357effda1b472c2ef38"},
    {file = "frida-12.8.20-py3.6-macosx-10.6-intel.egg", hash = "sha256:2f5ac9828f42d9d241562eb30576383745d07cf99df143ba2ca9cfd4b0f2e9db"},
    {file = "frida-12.8.20-py3.7-win-amd64.egg", hash = "sha256:82f1998d5c09e8c0422251a5044691b386df553606660d8c1320acff1efce2ec"},
    {file = "frida-12.8.20-py3.7-win32.egg", hash = "sha256:e6d6dbe4e9cb76b7d65cd64ebd981f862ab5609b0173c88a3284c53b25a3e759"},
    {file = "frida-12.8.20.tar.gz", hash = "sha256:f0f80c2d53ae3359501515c0eea54ce7dbaf7c0402934ae59faefd3fba52ce88"},
]
frida-tools = [
    {file = "frida-tools-7.2.1.tar.gz", hash = "sha256:db3a54cca9e2b3aff9187417251dc6f662ee4861e4b1432e1e6e745308e49dce"},
]
prompt-toolkit = [
    {file = "prompt_toolkit-3.0.5-py3-none-any.whl", hash = "sha256:df7e9e63aea609b1da3a65641ceaf5bc7d05e0a04de5bd45d05dbeffbabf9e04"},
    {file = "prompt_toolkit-3.0.5.tar.gz", hash = "sha256:563d1a4140b63ff9dd587bda9557cffb2fe73650205ab6f4383092fb882e7dc8"},
]
pygments = [
    {file = "Pygments-2.6.1-py3-none-any.whl", hash = "sha256:ff7a40b4860b727ab48fad6360eb351cc1b33cbf9b15a0f689ca5353e9463324"},
    {file = "Pygments-2.6.1.tar.gz", hash = "sha256:647344a061c249a3b74e230c739f434d7ea4d8b1d5f3721bc0f3558049b38f44"},
]
wcwidth = [
    {file = "wcwidth-0.1.9-py2.py3-none-any.whl", hash = "sha256:cafe2186b3c009a04067022ce1dcd79cb38d8d65ee4f4791b8888d6599d1bbe1"},
    {file = "wcwidth-0.1.9.tar.gz", hash = "sha256:ee73862862a156bf77ff92b09034fc4825dd3af9cf81bc5b360668d425f3c5f1"},
]
